// !$*UTF8*$!
{
	archiveVersion = 1;
	classes = {
	};
	objectVersion = 45;
	objects = {

/* Begin PBXBuildFile section */
		06FC31F30E53A05100FB3182 /* SDLMain.h in Headers */ = {isa = PBXBuildFile; fileRef = F5A47A9D01A0482F01D3D55B /* SDLMain.h */; };
		06FC31F40E53A05100FB3182 /* load_image.h in Headers */ = {isa = PBXBuildFile; fileRef = 06FFD1780A3E2196003850BF /* load_image.h */; };
		06FC31F50E53A05100FB3182 /* Board.h in Headers */ = {isa = PBXBuildFile; fileRef = 06CC53520A3E321400E92E7F /* Board.h */; };
		06FC31F60E53A05100FB3182 /* drawfunc.h in Headers */ = {isa = PBXBuildFile; fileRef = 06CC53680A3E369000E92E7F /* drawfunc.h */; };
		06FC31F70E53A05100FB3182 /* globals.h in Headers */ = {isa = PBXBuildFile; fileRef = 06CC54320A3E3B9000E92E7F /* globals.h */; };
		06FC31F80E53A05100FB3182 /* SnakePlayer.h in Headers */ = {isa = PBXBuildFile; fileRef = 0625D7510A3F639100F0E531 /* SnakePlayer.h */; };
		06FC31F90E53A05100FB3182 /* SPlayState.h in Headers */ = {isa = PBXBuildFile; fileRef = 06C971F40A446B2900ECB735 /* SPlayState.h */; };
		06FC31FA0E53A05100FB3182 /* SGameEngine.h in Headers */ = {isa = PBXBuildFile; fileRef = 06C9711B0A445C4C00ECB735 /* SGameEngine.h */; };
		06FC31FB0E53A05100FB3182 /* SGameState.h in Headers */ = {isa = PBXBuildFile; fileRef = 06C971830A44603D00ECB735 /* SGameState.h */; };
		06FC31FC0E53A05100FB3182 /* Timer.h in Headers */ = {isa = PBXBuildFile; fileRef = 06FB5AEF0A47675800D6B6A4 /* Timer.h */; };
		06FC31FD0E53A05100FB3182 /* SIntroState.h in Headers */ = {isa = PBXBuildFile; fileRef = 0660BCE60A4A1A720007D282 /* SIntroState.h */; };
		06FC31FE0E53A05100FB3182 /* SMenuState.h in Headers */ = {isa = PBXBuildFile; fileRef = 06431CE80A703DB20027C0D2 /* SMenuState.h */; };
		06FC31FF0E53A05100FB3182 /* Menu.h in Headers */ = {isa = PBXBuildFile; fileRef = 06431CF90A7040AE0027C0D2 /* Menu.h */; };
		06FC32000E53A05100FB3182 /* MenuOption.h in Headers */ = {isa = PBXBuildFile; fileRef = 06431D080A70426C0027C0D2 /* MenuOption.h */; };
		06FC32010E53A05100FB3182 /* Snake_Prefix.pch in Headers */ = {isa = PBXBuildFile; fileRef = 06BF2DC00BBEA17D003BE77A /* Snake_Prefix.pch */; };
		06FC32020E53A05100FB3182 /* SHelpState.h in Headers */ = {isa = PBXBuildFile; fileRef = 0681021D0C20BC3100D4FA80 /* SHelpState.h */; };
		06FC32050E53A05100FB3182 /* apple.bmp in Resources */ = {isa = PBXBuildFile; fileRef = 06C9742E0A44826B00ECB735 /* apple.bmp */; };
		06FC32060E53A05100FB3182 /* snake.png in Resources */ = {isa = PBXBuildFile; fileRef = 06FFD1AE0A3E24BE003850BF /* snake.png */; };
		06FC32070E53A05100FB3182 /* levels.txt in Resources */ = {isa = PBXBuildFile; fileRef = 06377BD00A434FF70006D268 /* levels.txt */; };
		06FC32080E53A05100FB3182 /* snaketitle.png in Resources */ = {isa = PBXBuildFile; fileRef = 0660BD000A4A1FCE0007D282 /* snaketitle.png */; };
		06FC32090E53A05100FB3182 /* snake.000 in Resources */ = {isa = PBXBuildFile; fileRef = 066003C90A4D9DFF009ED8EF /* snake.000 */; };
		06FC320A0E53A05100FB3182 /* snake.icns in Resources */ = {isa = PBXBuildFile; fileRef = 06D789620BDAE4E4005505FB /* snake.icns */; };
		06FC320B0E53A05100FB3182 /* Credits.rtf in Resources */ = {isa = PBXBuildFile; fileRef = 06D789940BDAE7B3005505FB /* Credits.rtf */; };
		06FC320D0E53A05100FB3182 /* SDL_image.framework in CopyFiles */ = {isa = PBXBuildFile; fileRef = 061E7AFC0CD83905005D1E13 /* SDL_image.framework */; };
		06FC320E0E53A05100FB3182 /* SDL_ttf.framework in CopyFiles */ = {isa = PBXBuildFile; fileRef = 061E7AF80CD838F6005D1E13 /* SDL_ttf.framework */; };
		06FC320F0E53A05100FB3182 /* SDL.framework in CopyFiles */ = {isa = PBXBuildFile; fileRef = 06BF2DB80BBEA060003BE77A /* SDL.framework */; };
		06FC32110E53A05100FB3182 /* SDLMain.m in Sources */ = {isa = PBXBuildFile; fileRef = F5A47A9E01A0483001D3D55B /* SDLMain.m */; };
		06FC32120E53A05100FB3182 /* main.cpp in Sources */ = {isa = PBXBuildFile; fileRef = 068EEAB90A3CE318003887BB /* main.cpp */; };
		06FC32130E53A05100FB3182 /* SnakePlayer.cpp in Sources */ = {isa = PBXBuildFile; fileRef = 0625D7520A3F639100F0E531 /* SnakePlayer.cpp */; };
		06FC32140E53A05100FB3182 /* load_image.cpp in Sources */ = {isa = PBXBuildFile; fileRef = 06FFD1790A3E2196003850BF /* load_image.cpp */; };
		06FC32150E53A05100FB3182 /* Board.cpp in Sources */ = {isa = PBXBuildFile; fileRef = 06CC53530A3E321400E92E7F /* Board.cpp */; };
		06FC32160E53A05100FB3182 /* drawfunc.cpp in Sources */ = {isa = PBXBuildFile; fileRef = 06CC53690A3E369000E92E7F /* drawfunc.cpp */; };
		06FC32170E53A05100FB3182 /* SPlayState.cpp in Sources */ = {isa = PBXBuildFile; fileRef = 06C971F50A446B2900ECB735 /* SPlayState.cpp */; };
		06FC32180E53A05100FB3182 /* SGameEngine.cpp in Sources */ = {isa = PBXBuildFile; fileRef = 06C9711C0A445C4C00ECB735 /* SGameEngine.cpp */; };
		06FC32190E53A05100FB3182 /* Timer.cpp in Sources */ = {isa = PBXBuildFile; fileRef = 06FB5AF00A47675800D6B6A4 /* Timer.cpp */; };
		06FC321A0E53A05100FB3182 /* SIntroState.cpp in Sources */ = {isa = PBXBuildFile; fileRef = 0660BCE70A4A1A720007D282 /* SIntroState.cpp */; };
		06FC321B0E53A05100FB3182 /* SMenuState.cpp in Sources */ = {isa = PBXBuildFile; fileRef = 06431CE90A703DB20027C0D2 /* SMenuState.cpp */; };
		06FC321C0E53A05100FB3182 /* Menu.cpp in Sources */ = {isa = PBXBuildFile; fileRef = 06431CFA0A7040AE0027C0D2 /* Menu.cpp */; };
		06FC321D0E53A05100FB3182 /* MenuOption.cpp in Sources */ = {isa = PBXBuildFile; fileRef = 06431D090A70426C0027C0D2 /* MenuOption.cpp */; };
		06FC321E0E53A05100FB3182 /* SHelpState.cpp in Sources */ = {isa = PBXBuildFile; fileRef = 0681021C0C20BC3100D4FA80 /* SHelpState.cpp */; };
		06FC32200E53A05100FB3182 /* Cocoa.framework in Frameworks */ = {isa = PBXBuildFile; fileRef = 1058C7A1FEA54F0111CA2CBB /* Cocoa.framework */; };
		06FC32210E53A05100FB3182 /* SDL.framework in Frameworks */ = {isa = PBXBuildFile; fileRef = 06BF2DB80BBEA060003BE77A /* SDL.framework */; };
		06FC32220E53A05100FB3182 /* SDL_ttf.framework in Frameworks */ = {isa = PBXBuildFile; fileRef = 061E7AF80CD838F6005D1E13 /* SDL_ttf.framework */; };
		06FC32230E53A05100FB3182 /* SDL_image.framework in Frameworks */ = {isa = PBXBuildFile; fileRef = 061E7AFC0CD83905005D1E13 /* SDL_image.framework */; };
/* End PBXBuildFile section */

/* Begin PBXCopyFilesBuildPhase section */
		06FC320C0E53A05100FB3182 /* CopyFiles */ = {
			isa = PBXCopyFilesBuildPhase;
			buildActionMask = 2147483647;
			dstPath = "";
			dstSubfolderSpec = 10;
			files = (
				06FC320D0E53A05100FB3182 /* SDL_image.framework in CopyFiles */,
				06FC320E0E53A05100FB3182 /* SDL_ttf.framework in CopyFiles */,
				06FC320F0E53A05100FB3182 /* SDL.framework in CopyFiles */,
			);
			runOnlyForDeploymentPostprocessing = 0;
		};
/* End PBXCopyFilesBuildPhase section */

/* Begin PBXFileReference section */
		061E7AF80CD838F6005D1E13 /* SDL_ttf.framework */ = {isa = PBXFileReference; explicitFileType = wrapper.framework; name = SDL_ttf.framework; path = /Library/Frameworks/SDL_ttf.framework; sourceTree = "<absolute>"; };
		061E7AFC0CD83905005D1E13 /* SDL_image.framework */ = {isa = PBXFileReference; explicitFileType = wrapper.framework; name = SDL_image.framework; path = /Library/Frameworks/SDL_image.framework; sourceTree = "<absolute>"; };
		0625D7510A3F639100F0E531 /* SnakePlayer.h */ = {isa = PBXFileReference; explicitFileType = sourcecode.cpp.h; fileEncoding = 4; path = SnakePlayer.h; sourceTree = "<group>"; };
		0625D7520A3F639100F0E531 /* SnakePlayer.cpp */ = {isa = PBXFileReference; fileEncoding = 4; lastKnownFileType = sourcecode.cpp.cpp; path = SnakePlayer.cpp; sourceTree = "<group>"; };
		06377BD00A434FF70006D268 /* levels.txt */ = {isa = PBXFileReference; fileEncoding = 4; lastKnownFileType = text; path = levels.txt; sourceTree = "<group>"; };
		06431CE80A703DB20027C0D2 /* SMenuState.h */ = {isa = PBXFileReference; fileEncoding = 4; lastKnownFileType = sourcecode.c.h; path = SMenuState.h; sourceTree = "<group>"; };
		06431CE90A703DB20027C0D2 /* SMenuState.cpp */ = {isa = PBXFileReference; fileEncoding = 4; lastKnownFileType = sourcecode.cpp.cpp; path = SMenuState.cpp; sourceTree = "<group>"; };
		06431CF90A7040AE0027C0D2 /* Menu.h */ = {isa = PBXFileReference; fileEncoding = 4; lastKnownFileType = sourcecode.c.h; path = Menu.h; sourceTree = "<group>"; };
		06431CFA0A7040AE0027C0D2 /* Menu.cpp */ = {isa = PBXFileReference; fileEncoding = 4; lastKnownFileType = sourcecode.cpp.cpp; path = Menu.cpp; sourceTree = "<group>"; };
		06431D080A70426C0027C0D2 /* MenuOption.h */ = {isa = PBXFileReference; fileEncoding = 4; lastKnownFileType = sourcecode.c.h; path = MenuOption.h; sourceTree = "<group>"; };
		06431D090A70426C0027C0D2 /* MenuOption.cpp */ = {isa = PBXFileReference; fileEncoding = 4; lastKnownFileType = sourcecode.cpp.cpp; path = MenuOption.cpp; sourceTree = "<group>"; };
		066003C90A4D9DFF009ED8EF /* snake.000 */ = {isa = PBXFileReference; lastKnownFileType = file; path = snake.000; sourceTree = "<group>"; };
		0660BCE60A4A1A720007D282 /* SIntroState.h */ = {isa = PBXFileReference; fileEncoding = 4; lastKnownFileType = sourcecode.c.h; path = SIntroState.h; sourceTree = "<group>"; };
		0660BCE70A4A1A720007D282 /* SIntroState.cpp */ = {isa = PBXFileReference; fileEncoding = 4; lastKnownFileType = sourcecode.cpp.cpp; path = SIntroState.cpp; sourceTree = "<group>"; };
		0660BD000A4A1FCE0007D282 /* snaketitle.png */ = {isa = PBXFileReference; lastKnownFileType = image.png; path = snaketitle.png; sourceTree = "<group>"; };
		0681021C0C20BC3100D4FA80 /* SHelpState.cpp */ = {isa = PBXFileReference; fileEncoding = 30; lastKnownFileType = sourcecode.cpp.cpp; path = SHelpState.cpp; sourceTree = "<group>"; };
		0681021D0C20BC3100D4FA80 /* SHelpState.h */ = {isa = PBXFileReference; fileEncoding = 30; lastKnownFileType = sourcecode.c.h; path = SHelpState.h; sourceTree = "<group>"; };
		068EEAB90A3CE318003887BB /* main.cpp */ = {isa = PBXFileReference; explicitFileType = sourcecode.cpp.cpp; fileEncoding = 30; path = main.cpp; sourceTree = "<group>"; };
		06BF2DB80BBEA060003BE77A /* SDL.framework */ = {isa = PBXFileReference; explicitFileType = wrapper.framework; name = SDL.framework; path = /Library/Frameworks/SDL.framework; sourceTree = "<absolute>"; };
		06BF2DC00BBEA17D003BE77A /* Snake_Prefix.pch */ = {isa = PBXFileReference; fileEncoding = 30; lastKnownFileType = sourcecode.c.h; path = Snake_Prefix.pch; sourceTree = "<group>"; };
		06C9711B0A445C4C00ECB735 /* SGameEngine.h */ = {isa = PBXFileReference; explicitFileType = sourcecode.cpp.h; fileEncoding = 4; path = SGameEngine.h; sourceTree = "<group>"; };
		06C9711C0A445C4C00ECB735 /* SGameEngine.cpp */ = {isa = PBXFileReference; fileEncoding = 4; lastKnownFileType = sourcecode.cpp.cpp; path = SGameEngine.cpp; sourceTree = "<group>"; };
		06C971830A44603D00ECB735 /* SGameState.h */ = {isa = PBXFileReference; explicitFileType = sourcecode.cpp.h; fileEncoding = 4; path = SGameState.h; sourceTree = "<group>"; };
		06C971F40A446B2900ECB735 /* SPlayState.h */ = {isa = PBXFileReference; fileEncoding = 4; lastKnownFileType = sourcecode.c.h; path = SPlayState.h; sourceTree = "<group>"; };
		06C971F50A446B2900ECB735 /* SPlayState.cpp */ = {isa = PBXFileReference; fileEncoding = 4; lastKnownFileType = sourcecode.cpp.cpp; path = SPlayState.cpp; sourceTree = "<group>"; };
		06C9742E0A44826B00ECB735 /* apple.bmp */ = {isa = PBXFileReference; lastKnownFileType = image.bmp; path = apple.bmp; sourceTree = "<group>"; };
		06CC53520A3E321400E92E7F /* Board.h */ = {isa = PBXFileReference; explicitFileType = sourcecode.cpp.h; fileEncoding = 4; path = Board.h; sourceTree = "<group>"; };
		06CC53530A3E321400E92E7F /* Board.cpp */ = {isa = PBXFileReference; fileEncoding = 4; lastKnownFileType = sourcecode.cpp.cpp; path = Board.cpp; sourceTree = "<group>"; };
		06CC53680A3E369000E92E7F /* drawfunc.h */ = {isa = PBXFileReference; fileEncoding = 4; lastKnownFileType = sourcecode.c.h; path = drawfunc.h; sourceTree = "<group>"; };
		06CC53690A3E369000E92E7F /* drawfunc.cpp */ = {isa = PBXFileReference; fileEncoding = 4; lastKnownFileType = sourcecode.cpp.cpp; path = drawfunc.cpp; sourceTree = "<group>"; };
		06CC54320A3E3B9000E92E7F /* globals.h */ = {isa = PBXFileReference; explicitFileType = sourcecode.cpp.h; fileEncoding = 4; path = globals.h; sourceTree = "<group>"; };
		06D789620BDAE4E4005505FB /* snake.icns */ = {isa = PBXFileReference; lastKnownFileType = image.icns; path = snake.icns; sourceTree = "<group>"; };
		06D789940BDAE7B3005505FB /* Credits.rtf */ = {isa = PBXFileReference; lastKnownFileType = text.rtf; path = Credits.rtf; sourceTree = "<group>"; };
		06FB5AEF0A47675800D6B6A4 /* Timer.h */ = {isa = PBXFileReference; explicitFileType = sourcecode.cpp.h; fileEncoding = 4; path = Timer.h; sourceTree = "<group>"; };
		06FB5AF00A47675800D6B6A4 /* Timer.cpp */ = {isa = PBXFileReference; fileEncoding = 4; lastKnownFileType = sourcecode.cpp.cpp; path = Timer.cpp; sourceTree = "<group>"; };
		06FC32290E53A05100FB3182 /* Snake World Tour.app */ = {isa = PBXFileReference; explicitFileType = wrapper.application; includeInIndex = 0; path = "Snake World Tour.app"; sourceTree = BUILT_PRODUCTS_DIR; };
		06FFD1780A3E2196003850BF /* load_image.h */ = {isa = PBXFileReference; fileEncoding = 4; lastKnownFileType = sourcecode.c.h; path = load_image.h; sourceTree = "<group>"; };
		06FFD1790A3E2196003850BF /* load_image.cpp */ = {isa = PBXFileReference; fileEncoding = 4; lastKnownFileType = sourcecode.cpp.cpp; path = load_image.cpp; sourceTree = "<group>"; };
		06FFD1AE0A3E24BE003850BF /* snake.png */ = {isa = PBXFileReference; lastKnownFileType = image.png; path = snake.png; sourceTree = "<group>"; };
		1058C7A1FEA54F0111CA2CBB /* Cocoa.framework */ = {isa = PBXFileReference; lastKnownFileType = wrapper.framework; name = Cocoa.framework; path = /System/Library/Frameworks/Cocoa.framework; sourceTree = "<absolute>"; };
		29B97324FDCFA39411CA2CEA /* AppKit.framework */ = {isa = PBXFileReference; lastKnownFileType = wrapper.framework; name = AppKit.framework; path = /System/Library/Frameworks/AppKit.framework; sourceTree = "<absolute>"; };
		29B97325FDCFA39411CA2CEA /* Foundation.framework */ = {isa = PBXFileReference; lastKnownFileType = wrapper.framework; name = Foundation.framework; path = /System/Library/Frameworks/Foundation.framework; sourceTree = "<absolute>"; };
		F5A47A9D01A0482F01D3D55B /* SDLMain.h */ = {isa = PBXFileReference; lastKnownFileType = sourcecode.c.h; path = SDLMain.h; sourceTree = SOURCE_ROOT; };
		F5A47A9E01A0483001D3D55B /* SDLMain.m */ = {isa = PBXFileReference; lastKnownFileType = sourcecode.c.objc; path = SDLMain.m; sourceTree = SOURCE_ROOT; };
/* End PBXFileReference section */

/* Begin PBXFrameworksBuildPhase section */
		06FC321F0E53A05100FB3182 /* Frameworks */ = {
			isa = PBXFrameworksBuildPhase;
			buildActionMask = 2147483647;
			files = (
				06FC32200E53A05100FB3182 /* Cocoa.framework in Frameworks */,
				06FC32210E53A05100FB3182 /* SDL.framework in Frameworks */,
				06FC32220E53A05100FB3182 /* SDL_ttf.framework in Frameworks */,
				06FC32230E53A05100FB3182 /* SDL_image.framework in Frameworks */,
			);
			runOnlyForDeploymentPostprocessing = 0;
		};
/* End PBXFrameworksBuildPhase section */

/* Begin PBXGroup section */
		06C9719E0A4461FD00ECB735 /* Game Engine and States */ = {
			isa = PBXGroup;
			children = (
				06C971830A44603D00ECB735 /* SGameState.h */,
				06C9711B0A445C4C00ECB735 /* SGameEngine.h */,
				06431CE80A703DB20027C0D2 /* SMenuState.h */,
				06C971F40A446B2900ECB735 /* SPlayState.h */,
				0681021D0C20BC3100D4FA80 /* SHelpState.h */,
				0660BCE60A4A1A720007D282 /* SIntroState.h */,
				06C9711C0A445C4C00ECB735 /* SGameEngine.cpp */,
				06431CE90A703DB20027C0D2 /* SMenuState.cpp */,
				06C971F50A446B2900ECB735 /* SPlayState.cpp */,
				0681021C0C20BC3100D4FA80 /* SHelpState.cpp */,
				0660BCE70A4A1A720007D282 /* SIntroState.cpp */,
			);
			name = "Game Engine and States";
			sourceTree = "<group>";
		};
		080E96DDFE201D6D7F000001 /* Classes */ = {
			isa = PBXGroup;
			children = (
				F5A47A9D01A0482F01D3D55B /* SDLMain.h */,
				F5A47A9E01A0483001D3D55B /* SDLMain.m */,
				06CC53520A3E321400E92E7F /* Board.h */,
				06CC53530A3E321400E92E7F /* Board.cpp */,
				06431CF90A7040AE0027C0D2 /* Menu.h */,
				06431CFA0A7040AE0027C0D2 /* Menu.cpp */,
				0625D7510A3F639100F0E531 /* SnakePlayer.h */,
				0625D7520A3F639100F0E531 /* SnakePlayer.cpp */,
				06FB5AEF0A47675800D6B6A4 /* Timer.h */,
				06FB5AF00A47675800D6B6A4 /* Timer.cpp */,
				06431D080A70426C0027C0D2 /* MenuOption.h */,
				06431D090A70426C0027C0D2 /* MenuOption.cpp */,
			);
			name = Classes;
			sourceTree = "<group>";
		};
		1058C7A0FEA54F0111CA2CBB /* Linked Frameworks */ = {
			isa = PBXGroup;
			children = (
				061E7AFC0CD83905005D1E13 /* SDL_image.framework */,
				061E7AF80CD838F6005D1E13 /* SDL_ttf.framework */,
				06BF2DB80BBEA060003BE77A /* SDL.framework */,
				1058C7A1FEA54F0111CA2CBB /* Cocoa.framework */,
			);
			name = "Linked Frameworks";
			sourceTree = "<group>";
		};
		1058C7A2FEA54F0111CA2CBB /* Other Frameworks */ = {
			isa = PBXGroup;
			children = (
				29B97325FDCFA39411CA2CEA /* Foundation.framework */,
				29B97324FDCFA39411CA2CEA /* AppKit.framework */,
			);
			name = "Other Frameworks";
			sourceTree = "<group>";
		};
		19C28FACFE9D520D11CA2CBB /* Products */ = {
			isa = PBXGroup;
			children = (
				06FC32290E53A05100FB3182 /* Snake World Tour.app */,
			);
			name = Products;
			sourceTree = "<group>";
		};
		29B97314FDCFA39411CA2CEA /* Snake */ = {
			isa = PBXGroup;
			children = (
				080E96DDFE201D6D7F000001 /* Classes */,
				29B97315FDCFA39411CA2CEA /* Other Sources */,
				06C9719E0A4461FD00ECB735 /* Game Engine and States */,
				29B97317FDCFA39411CA2CEA /* Resources */,
				29B97323FDCFA39411CA2CEA /* Frameworks */,
				19C28FACFE9D520D11CA2CBB /* Products */,
			);
			name = Snake;
			sourceTree = "<group>";
		};
		29B97315FDCFA39411CA2CEA /* Other Sources */ = {
			isa = PBXGroup;
			children = (
				06CC54320A3E3B9000E92E7F /* globals.h */,
				06CC53680A3E369000E92E7F /* drawfunc.h */,
				06CC53690A3E369000E92E7F /* drawfunc.cpp */,
				06FFD1780A3E2196003850BF /* load_image.h */,
				06FFD1790A3E2196003850BF /* load_image.cpp */,
				068EEAB90A3CE318003887BB /* main.cpp */,
				06BF2DC00BBEA17D003BE77A /* Snake_Prefix.pch */,
			);
			name = "Other Sources";
			sourceTree = "<group>";
		};
		29B97317FDCFA39411CA2CEA /* Resources */ = {
			isa = PBXGroup;
			children = (
				066003C90A4D9DFF009ED8EF /* snake.000 */,
				0660BD000A4A1FCE0007D282 /* snaketitle.png */,
				06C9742E0A44826B00ECB735 /* apple.bmp */,
				06377BD00A434FF70006D268 /* levels.txt */,
				06D789620BDAE4E4005505FB /* snake.icns */,
				06FFD1AE0A3E24BE003850BF /* snake.png */,
				06D789940BDAE7B3005505FB /* Credits.rtf */,
			);
			name = Resources;
			sourceTree = "<group>";
		};
		29B97323FDCFA39411CA2CEA /* Frameworks */ = {
			isa = PBXGroup;
			children = (
				1058C7A0FEA54F0111CA2CBB /* Linked Frameworks */,
				1058C7A2FEA54F0111CA2CBB /* Other Frameworks */,
			);
			name = Frameworks;
			sourceTree = "<group>";
		};
/* End PBXGroup section */

/* Begin PBXHeadersBuildPhase section */
		06FC31F20E53A05100FB3182 /* Headers */ = {
			isa = PBXHeadersBuildPhase;
			buildActionMask = 2147483647;
			files = (
				06FC31F30E53A05100FB3182 /* SDLMain.h in Headers */,
				06FC31F40E53A05100FB3182 /* load_image.h in Headers */,
				06FC31F50E53A05100FB3182 /* Board.h in Headers */,
				06FC31F60E53A05100FB3182 /* drawfunc.h in Headers */,
				06FC31F70E53A05100FB3182 /* globals.h in Headers */,
				06FC31F80E53A05100FB3182 /* SnakePlayer.h in Headers */,
				06FC31F90E53A05100FB3182 /* SPlayState.h in Headers */,
				06FC31FA0E53A05100FB3182 /* SGameEngine.h in Headers */,
				06FC31FB0E53A05100FB3182 /* SGameState.h in Headers */,
				06FC31FC0E53A05100FB3182 /* Timer.h in Headers */,
				06FC31FD0E53A05100FB3182 /* SIntroState.h in Headers */,
				06FC31FE0E53A05100FB3182 /* SMenuState.h in Headers */,
				06FC31FF0E53A05100FB3182 /* Menu.h in Headers */,
				06FC32000E53A05100FB3182 /* MenuOption.h in Headers */,
				06FC32010E53A05100FB3182 /* Snake_Prefix.pch in Headers */,
				06FC32020E53A05100FB3182 /* SHelpState.h in Headers */,
			);
			runOnlyForDeploymentPostprocessing = 0;
		};
/* End PBXHeadersBuildPhase section */

/* Begin PBXNativeTarget section */
		06FC31F10E53A05100FB3182 /* Snake World Tour */ = {
			isa = PBXNativeTarget;
			buildConfigurationList = 06FC32240E53A05100FB3182 /* Build configuration list for PBXNativeTarget "Snake World Tour" */;
			buildPhases = (
				06FC31F20E53A05100FB3182 /* Headers */,
				06FC32030E53A05100FB3182 /* Resources */,
				06FC320C0E53A05100FB3182 /* CopyFiles */,
				06FC32100E53A05100FB3182 /* Sources */,
				06FC321F0E53A05100FB3182 /* Frameworks */,
			);
			buildRules = (
			);
			dependencies = (
			);
			name = "Snake World Tour";
			productInstallPath = "$(HOME)/Applications";
			productName = Snake;
			productReference = 06FC32290E53A05100FB3182 /* Snake World Tour.app */;
			productType = "com.apple.product-type.application";
		};
/* End PBXNativeTarget section */

/* Begin PBXProject section */
		29B97313FDCFA39411CA2CEA /* Project object */ = {
			isa = PBXProject;
			buildConfigurationList = 063E7B6E0A3C84C9005C4507 /* Build configuration list for PBXProject "Snake" */;
			compatibilityVersion = "Xcode 3.1";
			developmentRegion = English;
			hasScannedForEncodings = 0;
			knownRegions = (
				en,
			);
			mainGroup = 29B97314FDCFA39411CA2CEA /* Snake */;
			projectDirPath = "";
			projectRoot = "";
			targets = (
				06FC31F10E53A05100FB3182 /* Snake World Tour */,
			);
		};
/* End PBXProject section */

/* Begin PBXResourcesBuildPhase section */
		06FC32030E53A05100FB3182 /* Resources */ = {
			isa = PBXResourcesBuildPhase;
			buildActionMask = 2147483647;
			files = (
				06FC32050E53A05100FB3182 /* apple.bmp in Resources */,
				06FC32060E53A05100FB3182 /* snake.png in Resources */,
				06FC32070E53A05100FB3182 /* levels.txt in Resources */,
				06FC32080E53A05100FB3182 /* snaketitle.png in Resources */,
				06FC32090E53A05100FB3182 /* snake.000 in Resources */,
				06FC320A0E53A05100FB3182 /* snake.icns in Resources */,
				06FC320B0E53A05100FB3182 /* Credits.rtf in Resources */,
			);
			runOnlyForDeploymentPostprocessing = 0;
		};
/* End PBXResourcesBuildPhase section */

/* Begin PBXSourcesBuildPhase section */
		06FC32100E53A05100FB3182 /* Sources */ = {
			isa = PBXSourcesBuildPhase;
			buildActionMask = 2147483647;
			files = (
				06FC32110E53A05100FB3182 /* SDLMain.m in Sources */,
				06FC32120E53A05100FB3182 /* main.cpp in Sources */,
				06FC32130E53A05100FB3182 /* SnakePlayer.cpp in Sources */,
				06FC32140E53A05100FB3182 /* load_image.cpp in Sources */,
				06FC32150E53A05100FB3182 /* Board.cpp in Sources */,
				06FC32160E53A05100FB3182 /* drawfunc.cpp in Sources */,
				06FC32170E53A05100FB3182 /* SPlayState.cpp in Sources */,
				06FC32180E53A05100FB3182 /* SGameEngine.cpp in Sources */,
				06FC32190E53A05100FB3182 /* Timer.cpp in Sources */,
				06FC321A0E53A05100FB3182 /* SIntroState.cpp in Sources */,
				06FC321B0E53A05100FB3182 /* SMenuState.cpp in Sources */,
				06FC321C0E53A05100FB3182 /* Menu.cpp in Sources */,
				06FC321D0E53A05100FB3182 /* MenuOption.cpp in Sources */,
				06FC321E0E53A05100FB3182 /* SHelpState.cpp in Sources */,
			);
			runOnlyForDeploymentPostprocessing = 0;
		};
/* End PBXSourcesBuildPhase section */

/* Begin XCBuildConfiguration section */
		063E7B6F0A3C84C9005C4507 /* Development */ = {
			isa = XCBuildConfiguration;
			buildSettings = {
				INSTALL_PATH = /Applications;
			};
			name = Development;
		};
		063E7B700A3C84C9005C4507 /* Deployment */ = {
			isa = XCBuildConfiguration;
			buildSettings = {
				INSTALL_PATH = /Applications;
			};
			name = Deployment;
		};
		063E7B710A3C84C9005C4507 /* Default */ = {
			isa = XCBuildConfiguration;
			buildSettings = {
				INSTALL_PATH = /Applications;
			};
			name = Default;
		};
		06FC32250E53A05100FB3182 /* Development */ = {
			isa = XCBuildConfiguration;
			buildSettings = {
				ARCHS = "$(ARCHS_STANDARD_32_BIT)";
				COPY_PHASE_STRIP = NO;
				FRAMEWORK_SEARCH_PATHS = "\"/Library/Frameworks\"";
				GCC_DYNAMIC_NO_PIC = NO;
				GCC_ENABLE_FIX_AND_CONTINUE = YES;
				GCC_GENERATE_DEBUGGING_SYMBOLS = YES;
				GCC_OPTIMIZATION_LEVEL = 0;
				GCC_SYMBOLS_PRIVATE_EXTERN = NO;
				HEADER_SEARCH_PATHS = (
					/Library/Frameworks/SDL_ttf.framework/Headers,
					/Library/Frameworks/SDL_image.framework/Headers,
					/Library/Frameworks/SDL.framework/Headers,
				);
				INFOPLIST_FILE = "";
				INSTALL_PATH = /Applications;
				LIBRARY_SEARCH_PATHS = "";
				PREBINDING = NO;
				PRODUCT_NAME = "Snake World Tour";
				SDKROOT = "";
				SECTORDER_FLAGS = "";
				WARNING_CFLAGS = (
					"-Wmost",
					"-Wno-four-char-constants",
					"-Wno-unknown-pragmas",
				);
				WRAPPER_EXTENSION = app;
				ZERO_LINK = YES;
			};
			name = Development;
		};
		06FC32260E53A05100FB3182 /* Deployment */ = {
			isa = XCBuildConfiguration;
			buildSettings = {
				COPY_PHASE_STRIP = YES;
				FRAMEWORK_SEARCH_PATHS = "\"/Library/Frameworks\"";
				GCC_ENABLE_FIX_AND_CONTINUE = NO;
				GCC_SYMBOLS_PRIVATE_EXTERN = NO;
				HEADER_SEARCH_PATHS = (
					"$(LOCAL_LIBRARY_DIR)/Frameworks/SDL_image.framework/Headers",
					"$(LOCAL_LIBRARY_DIR)/Frameworks/SDL_ttf.framework/Headers",
					/Library/Frameworks/SDL.framework/Headers,
				);
				INFOPLIST_FILE = "Info-Snake_World_Tour__Upgraded_.plist";
				INSTALL_PATH = "$(HOME)/Applications";
				LIBRARY_SEARCH_PATHS = "";
				OTHER_LDFLAGS = (
					"-framework",
					SDL,
					"-framework",
					SDL_Image,
					"-framework",
					SDL_ttf,
				);
				PRODUCT_NAME = Snake;
				SECTORDER_FLAGS = "";
				WARNING_CFLAGS = (
					"-Wmost",
					"-Wno-four-char-constants",
					"-Wno-unknown-pragmas",
				);
				WRAPPER_EXTENSION = app;
				ZERO_LINK = NO;
			};
			name = Deployment;
		};
		06FC32270E53A05100FB3182 /* Default */ = {
			isa = XCBuildConfiguration;
			buildSettings = {
				FRAMEWORK_SEARCH_PATHS = "\"/Library/Frameworks\"";
				GCC_SYMBOLS_PRIVATE_EXTERN = NO;
				HEADER_SEARCH_PATHS = "\"/Library/Frameworks/SDL.framework/Headers\"";
				INFOPLIST_FILE = "Info-Snake_World_Tour__Upgraded_.plist";
				INSTALL_PATH = "$(HOME)/Applications";
				LIBRARY_SEARCH_PATHS = "";
				OTHER_LDFLAGS = (
					"-framework",
					SDL,
				);
				PRODUCT_NAME = Snake;
				SECTORDER_FLAGS = "";
				WARNING_CFLAGS = (
					"-Wmost",
					"-Wno-four-char-constants",
					"-Wno-unknown-pragmas",
				);
				WRAPPER_EXTENSION = app;
			};
			name = Default;
		};
/* End XCBuildConfiguration section */

/* Begin XCConfigurationList section */
		063E7B6E0A3C84C9005C4507 /* Build configuration list for PBXProject "Snake" */ = {
			isa = XCConfigurationList;
			buildConfigurations = (
				063E7B6F0A3C84C9005C4507 /* Development */,
				063E7B700A3C84C9005C4507 /* Deployment */,
				063E7B710A3C84C9005C4507 /* Default */,
			);
			defaultConfigurationIsVisible = 0;
			defaultConfigurationName = Default;
		};
		06FC32240E53A05100FB3182 /* Build configuration list for PBXNativeTarget "Snake World Tour" */ = {
			isa = XCConfigurationList;
			buildConfigurations = (
				06FC32250E53A05100FB3182 /* Development */,
				06FC32260E53A05100FB3182 /* Deployment */,
				06FC32270E53A05100FB3182 /* Default */,
			);
			defaultConfigurationIsVisible = 0;
			defaultConfigurationName = Default;
		};
/* End XCConfigurationList section */
	};
	rootObject = 29B97313FDCFA39411CA2CEA /* Project object */;
}
